{
  "requires": true,
  "lockfileVersion": 1,
  "dependencies": {
    "gitbook-plugin-edit-link-plus": {
      "version": "0.1.1",
      "resolved": "https://registry.npmjs.org/gitbook-plugin-edit-link-plus/-/gitbook-plugin-edit-link-plus-0.1.1.tgz",
      "integrity": "sha512-1P5cXngXCKikqFMiK2cPFKoL/RAvlCaG1zzfU/k95S2hi4aHlTHFmLtBMgzkx3+llCT4cEoer5LpQan3+g7Ycg=="
    }
  }
}
